<?xml version="1.0" encoding="utf-8"?>
<Project ToolsVersion="Current" xmlns="http://schemas.microsoft.com/developer/msbuild/2003">
  <ItemGroup>
    <ClCompile Include="src\Camera.cpp">
      <Filter>ソースファイル</Filter>
    </ClCompile>
    <ClCompile Include="src\main.cpp">
      <Filter>ソースファイル</Filter>
    </ClCompile>
    <ClCompile Include="src\Player.cpp">
      <Filter>ソースファイル</Filter>
    </ClCompile>
    <ClCompile Include="src\Tile.cpp">
      <Filter>ソースファイル</Filter>
    </ClCompile>
    <ClCompile Include="src\TileMap.cpp">
      <Filter>ソースファイル</Filter>
    </ClCompile>
    <ClCompile Include="src\GameWindow.cpp">
      <Filter>ソースファイル</Filter>
    </ClCompile>
  </ItemGroup>
  <ItemGroup>
    <ClInclude Include="hed\Camera.h">
      <Filter>ヘッダーファイル</Filter>
    </ClInclude>
    <ClInclude Include="hed\Player.h">
      <Filter>ヘッダーファイル</Filter>
    </ClInclude>
    <ClInclude Include="hed\Scene.h">
      <Filter>ヘッダーファイル</Filter>
    </ClInclude>
    <ClInclude Include="hed\SceneManager.h">
      <Filter>ヘッダーファイル</Filter>
    </ClInclude>
    <ClInclude Include="hed\Tile.h">
      <Filter>ヘッダーファイル</Filter>
    </ClInclude>
    <ClInclude Include="hed\TileMap.h">
      <Filter>ヘッダーファイル</Filter>
    </ClInclude>
    <ClInclude Include="hed\TitleScene.h">
      <Filter>ヘッダーファイル</Filter>
    </ClInclude>
    <ClInclude Include="hed\GameWindow.h">
      <Filter>ヘッダーファイル</Filter>
    </ClInclude>
  </ItemGroup>
  <ItemGroup>
    <None Include=".gitignore" />
  </ItemGroup>
  <ItemGroup>
    <Filter Include="ヘッダーファイル">
      <UniqueIdentifier>{a8c84416-11fe-4f9f-9f6e-03188a99e86d}</UniqueIdentifier>
    </Filter>
    <Filter Include="ソースファイル">
      <UniqueIdentifier>{2392b77a-23c3-4de2-a358-4fe571e179ec}</UniqueIdentifier>
    </Filter>
  </ItemGroup>
</Project>