<?xml version="1.0" encoding="utf-8"?>
<Project ToolsVersion="Current" xmlns="http://schemas.microsoft.com/developer/msbuild/2003">
  <ItemGroup>
    <ClCompile Include="src\Camera.cpp">
      <Filter>ソースファイル</Filter>
    </ClCompile>
    <ClCompile Include="src\main.cpp">
      <Filter>ソースファイル</Filter>
    </ClCompile>
    <ClCompile Include="src\Player.cpp">
      <Filter>ソースファイル</Filter>
    </ClCompile>
    <ClCompile Include="src\Tile.cpp">
      <Filter>ソースファイル</Filter>
    </ClCompile>
    <ClCompile Include="src\TileMap.cpp">
      <Filter>ソースファイル</Filter>
    </ClCompile>
    <ClCompile Include="src\GameWindow.cpp">
      <Filter>ソースファイル</Filter>
    </ClCompile>
    <ClCompile Include="src\TitleScene.cpp">
      <Filter>ソースファイル</Filter>
    </ClCompile>
    <ClCompile Include="src\GameScene.cpp">
      <Filter>ソースファイル</Filter>
    </ClCompile>
    <ClCompile Include="src\BattleScene.cpp">
      <Filter>ソースファイル</Filter>
    </ClCompile>
    <ClCompile Include="src\Spring.cpp">
      <Filter>ソースファイル</Filter>
    </ClCompile>
    <ClCompile Include="src\Enemy.cpp">
      <Filter>ソースファイル</Filter>
    </ClCompile>
    <ClCompile Include="src\EnemyManager.cpp">
      <Filter>ソースファイル</Filter>
    </ClCompile>
    <ClCompile Include="src\PlayerStatusManager.cpp">
      <Filter>ソースファイル</Filter>
    </ClCompile>
    <ClCompile Include="src\SceneManager.cpp">
      <Filter>ソースファイル</Filter>
    </ClCompile>
    <ClCompile Include="src\GameScene2.cpp">
      <Filter>ソースファイル</Filter>
    </ClCompile>
    <ClCompile Include="src\ResultScene.cpp">
      <Filter>ソースファイル</Filter>
    </ClCompile>
    <ClCompile Include="src\PlayerPhysicsManager.cpp">
      <Filter>ソースファイル</Filter>
    </ClCompile>
    <ClCompile Include="src\PlayerStatusScene.cpp">
      <Filter>ソースファイル</Filter>
    </ClCompile>
    <ClCompile Include="src\Button.cpp">
      <Filter>ソースファイル</Filter>
    </ClCompile>
    <ClCompile Include="src\UIManager.cpp">
      <Filter>ソースファイル</Filter>
    </ClCompile>
    <ClCompile Include="src\ItemScene.cpp">
      <Filter>ソースファイル</Filter>
    </ClCompile>
    <ClCompile Include="src\ItemManager.cpp">
      <Filter>ソースファイル</Filter>
    </ClCompile>
    <ClCompile Include="src\TextLayer.cpp">
      <Filter>ソースファイル</Filter>
    </ClCompile>
    <ClCompile Include="src\DropTable.cpp">
      <Filter>ソースファイル</Filter>
    </ClCompile>
    <ClCompile Include="src\SoundManager.cpp">
      <Filter>ソースファイル</Filter>
    </ClCompile>
  </ItemGroup>
  <ItemGroup>
    <ClInclude Include="hed\Camera.h">
      <Filter>ヘッダーファイル</Filter>
    </ClInclude>
    <ClInclude Include="hed\Player.h">
      <Filter>ヘッダーファイル</Filter>
    </ClInclude>
    <ClInclude Include="hed\Scene.h">
      <Filter>ヘッダーファイル</Filter>
    </ClInclude>
    <ClInclude Include="hed\SceneManager.h">
      <Filter>ヘッダーファイル</Filter>
    </ClInclude>
    <ClInclude Include="hed\Tile.h">
      <Filter>ヘッダーファイル</Filter>
    </ClInclude>
    <ClInclude Include="hed\TileMap.h">
      <Filter>ヘッダーファイル</Filter>
    </ClInclude>
    <ClInclude Include="hed\TitleScene.h">
      <Filter>ヘッダーファイル</Filter>
    </ClInclude>
    <ClInclude Include="hed\GameWindow.h">
      <Filter>ヘッダーファイル</Filter>
    </ClInclude>
    <ClInclude Include="hed\BattleScene.h">
      <Filter>ヘッダーファイル</Filter>
    </ClInclude>
    <ClInclude Include="hed\GameScene.h">
      <Filter>ヘッダーファイル</Filter>
    </ClInclude>
    <ClInclude Include="hed\SpringType.h">
      <Filter>ヘッダーファイル</Filter>
    </ClInclude>
    <ClInclude Include="hed\Enemy.h">
      <Filter>ヘッダーファイル</Filter>
    </ClInclude>
    <ClInclude Include="hed\EnemyManager.h">
      <Filter>ヘッダーファイル</Filter>
    </ClInclude>
    <ClInclude Include="hed\CharacterData.h">
      <Filter>ヘッダーファイル</Filter>
    </ClInclude>
    <ClInclude Include="hed\PlayerStatusManager.h">
      <Filter>ヘッダーファイル</Filter>
    </ClInclude>
    <ClInclude Include="hed\GameScene2.h">
      <Filter>ヘッダーファイル</Filter>
    </ClInclude>
    <ClInclude Include="hed\GimmickBase.h">
      <Filter>ヘッダーファイル</Filter>
    </ClInclude>
    <ClInclude Include="hed\DestroyableObject.h">
      <Filter>ヘッダーファイル</Filter>
    </ClInclude>
    <ClInclude Include="hed\SpringGimmick.h">
      <Filter>ヘッダーファイル</Filter>
    </ClInclude>
    <ClInclude Include="save\SaveData.h">
      <Filter>ヘッダーファイル</Filter>
    </ClInclude>
    <ClInclude Include="hed\ResultScene.h">
      <Filter>ヘッダーファイル</Filter>
    </ClInclude>
    <ClInclude Include="hed\EndRollScene.h">
      <Filter>ヘッダーファイル</Filter>
    </ClInclude>
    <ClInclude Include="hed\SpringGimmickType.h">
      <Filter>ヘッダーファイル</Filter>
    </ClInclude>
    <ClInclude Include="hed\PlayerPhysicsManager.h">
      <Filter>ヘッダーファイル</Filter>
    </ClInclude>
    <ClInclude Include="hed\FloorType.h">
      <Filter>ヘッダーファイル</Filter>
    </ClInclude>
    <ClInclude Include="hed\PlayerStatusScene.h">
      <Filter>ヘッダーファイル</Filter>
    </ClInclude>
    <ClInclude Include="hed\Button.h">
      <Filter>ヘッダーファイル</Filter>
    </ClInclude>
    <ClInclude Include="hed\UIManager.h">
      <Filter>ヘッダーファイル</Filter>
    </ClInclude>
    <ClInclude Include="hed\ItemManager.h">
      <Filter>ヘッダーファイル</Filter>
    </ClInclude>
    <ClInclude Include="hed\ItemScene.h">
      <Filter>ヘッダーファイル</Filter>
    </ClInclude>
    <ClInclude Include="hed\ItemData.h">
      <Filter>ヘッダーファイル</Filter>
    </ClInclude>
    <ClInclude Include="hed\TextLayer.h">
      <Filter>ヘッダーファイル</Filter>
    </ClInclude>
    <ClInclude Include="hed\DropTable.h">
      <Filter>ヘッダーファイル</Filter>
    </ClInclude>
    <ClInclude Include="hed\SoundManager.h">
      <Filter>ヘッダーファイル</Filter>
    </ClInclude>
  </ItemGroup>
  <ItemGroup>
    <None Include=".gitignore" />
  </ItemGroup>
  <ItemGroup>
    <Filter Include="ヘッダーファイル">
      <UniqueIdentifier>{a8c84416-11fe-4f9f-9f6e-03188a99e86d}</UniqueIdentifier>
    </Filter>
    <Filter Include="ソースファイル">
      <UniqueIdentifier>{2392b77a-23c3-4de2-a358-4fe571e179ec}</UniqueIdentifier>
    </Filter>
  </ItemGroup>
</Project>